
Microsoft Visual Studio Solution File, Format Version 12.00
# Visual Studio 15
VisualStudioVersion = 15.0.26124.0
MinimumVisualStudioVersion = 15.0.26124.0
Project("{FAE04EC0-301F-11D3-BF4B-00C04F79EFBC}") = "Domain", "Domain\Domain.csproj", "{D79DB8AC-145C-4AFF-87E4-F59AFA5DFE12}"
EndProject
Project("{FAE04EC0-301F-11D3-BF4B-00C04F79EFBC}") = "Application", "Application\Application.csproj", "{62CF4710-0F7E-47AD-B539-CBD9EA90D289}"
EndProject
Project("{FAE04EC0-301F-11D3-BF4B-00C04F79EFBC}") = "Persistence", "Persistence\Persistence.csproj", "{BBE65881-BD3F-438B-B5C3-2A8FC6022985}"
EndProject
Project("{FAE04EC0-301F-11D3-BF4B-00C04F79EFBC}") = "API", "API\API.csproj", "{5874108F-0E1F-47F4-8E23-D80B5C241CE6}"
EndProject
Global
	GlobalSection(SolutionConfigurationPlatforms) = preSolution
		Debug|Any CPU = Debug|Any CPU
		Debug|x64 = Debug|x64
		Debug|x86 = Debug|x86
		Release|Any CPU = Release|Any CPU
		Release|x64 = Release|x64
		Release|x86 = Release|x86
	EndGlobalSection
	GlobalSection(SolutionProperties) = preSolution
		HideSolutionNode = FALSE
	EndGlobalSection
	GlobalSection(ProjectConfigurationPlatforms) = postSolution
		{D79DB8AC-145C-4AFF-87E4-F59AFA5DFE12}.Debug|Any CPU.ActiveCfg = Debug|Any CPU
		{D79DB8AC-145C-4AFF-87E4-F59AFA5DFE12}.Debug|Any CPU.Build.0 = Debug|Any CPU
		{D79DB8AC-145C-4AFF-87E4-F59AFA5DFE12}.Debug|x64.ActiveCfg = Debug|Any CPU
		{D79DB8AC-145C-4AFF-87E4-F59AFA5DFE12}.Debug|x64.Build.0 = Debug|Any CPU
		{D79DB8AC-145C-4AFF-87E4-F59AFA5DFE12}.Debug|x86.ActiveCfg = Debug|Any CPU
		{D79DB8AC-145C-4AFF-87E4-F59AFA5DFE12}.Debug|x86.Build.0 = Debug|Any CPU
		{D79DB8AC-145C-4AFF-87E4-F59AFA5DFE12}.Release|Any CPU.ActiveCfg = Release|Any CPU
		{D79DB8AC-145C-4AFF-87E4-F59AFA5DFE12}.Release|Any CPU.Build.0 = Release|Any CPU
		{D79DB8AC-145C-4AFF-87E4-F59AFA5DFE12}.Release|x64.ActiveCfg = Release|Any CPU
		{D79DB8AC-145C-4AFF-87E4-F59AFA5DFE12}.Release|x64.Build.0 = Release|Any CPU
		{D79DB8AC-145C-4AFF-87E4-F59AFA5DFE12}.Release|x86.ActiveCfg = Release|Any CPU
		{D79DB8AC-145C-4AFF-87E4-F59AFA5DFE12}.Release|x86.Build.0 = Release|Any CPU
		{62CF4710-0F7E-47AD-B539-CBD9EA90D289}.Debug|Any CPU.ActiveCfg = Debug|Any CPU
		{62CF4710-0F7E-47AD-B539-CBD9EA90D289}.Debug|Any CPU.Build.0 = Debug|Any CPU
		{62CF4710-0F7E-47AD-B539-CBD9EA90D289}.Debug|x64.ActiveCfg = Debug|Any CPU
		{62CF4710-0F7E-47AD-B539-CBD9EA90D289}.Debug|x64.Build.0 = Debug|Any CPU
		{62CF4710-0F7E-47AD-B539-CBD9EA90D289}.Debug|x86.ActiveCfg = Debug|Any CPU
		{62CF4710-0F7E-47AD-B539-CBD9EA90D289}.Debug|x86.Build.0 = Debug|Any CPU
		{62CF4710-0F7E-47AD-B539-CBD9EA90D289}.Release|Any CPU.ActiveCfg = Release|Any CPU
		{62CF4710-0F7E-47AD-B539-CBD9EA90D289}.Release|Any CPU.Build.0 = Release|Any CPU
		{62CF4710-0F7E-47AD-B539-CBD9EA90D289}.Release|x64.ActiveCfg = Release|Any CPU
		{62CF4710-0F7E-47AD-B539-CBD9EA90D289}.Release|x64.Build.0 = Release|Any CPU
		{62CF4710-0F7E-47AD-B539-CBD9EA90D289}.Release|x86.ActiveCfg = Release|Any CPU
		{62CF4710-0F7E-47AD-B539-CBD9EA90D289}.Release|x86.Build.0 = Release|Any CPU
		{BBE65881-BD3F-438B-B5C3-2A8FC6022985}.Debug|Any CPU.ActiveCfg = Debug|Any CPU
		{BBE65881-BD3F-438B-B5C3-2A8FC6022985}.Debug|Any CPU.Build.0 = Debug|Any CPU
		{BBE65881-BD3F-438B-B5C3-2A8FC6022985}.Debug|x64.ActiveCfg = Debug|Any CPU
		{BBE65881-BD3F-438B-B5C3-2A8FC6022985}.Debug|x64.Build.0 = Debug|Any CPU
		{BBE65881-BD3F-438B-B5C3-2A8FC6022985}.Debug|x86.ActiveCfg = Debug|Any CPU
		{BBE65881-BD3F-438B-B5C3-2A8FC6022985}.Debug|x86.Build.0 = Debug|Any CPU
		{BBE65881-BD3F-438B-B5C3-2A8FC6022985}.Release|Any CPU.ActiveCfg = Release|Any CPU
		{BBE65881-BD3F-438B-B5C3-2A8FC6022985}.Release|Any CPU.Build.0 = Release|Any CPU
		{BBE65881-BD3F-438B-B5C3-2A8FC6022985}.Release|x64.ActiveCfg = Release|Any CPU
		{BBE65881-BD3F-438B-B5C3-2A8FC6022985}.Release|x64.Build.0 = Release|Any CPU
		{BBE65881-BD3F-438B-B5C3-2A8FC6022985}.Release|x86.ActiveCfg = Release|Any CPU
		{BBE65881-BD3F-438B-B5C3-2A8FC6022985}.Release|x86.Build.0 = Release|Any CPU
		{5874108F-0E1F-47F4-8E23-D80B5C241CE6}.Debug|Any CPU.ActiveCfg = Debug|Any CPU
		{5874108F-0E1F-47F4-8E23-D80B5C241CE6}.Debug|Any CPU.Build.0 = Debug|Any CPU
		{5874108F-0E1F-47F4-8E23-D80B5C241CE6}.Debug|x64.ActiveCfg = Debug|Any CPU
		{5874108F-0E1F-47F4-8E23-D80B5C241CE6}.Debug|x64.Build.0 = Debug|Any CPU
		{5874108F-0E1F-47F4-8E23-D80B5C241CE6}.Debug|x86.ActiveCfg = Debug|Any CPU
		{5874108F-0E1F-47F4-8E23-D80B5C241CE6}.Debug|x86.Build.0 = Debug|Any CPU
		{5874108F-0E1F-47F4-8E23-D80B5C241CE6}.Release|Any CPU.ActiveCfg = Release|Any CPU
		{5874108F-0E1F-47F4-8E23-D80B5C241CE6}.Release|Any CPU.Build.0 = Release|Any CPU
		{5874108F-0E1F-47F4-8E23-D80B5C241CE6}.Release|x64.ActiveCfg = Release|Any CPU
		{5874108F-0E1F-47F4-8E23-D80B5C241CE6}.Release|x64.Build.0 = Release|Any CPU
		{5874108F-0E1F-47F4-8E23-D80B5C241CE6}.Release|x86.ActiveCfg = Release|Any CPU
		{5874108F-0E1F-47F4-8E23-D80B5C241CE6}.Release|x86.Build.0 = Release|Any CPU
	EndGlobalSection
EndGlobal
